
Microsoft Visual Studio Solution File, Format Version 12.00
# Visual Studio 15
VisualStudioVersion = 15.0.28307.852
MinimumVisualStudioVersion = 10.0.40219.1
Project("{FAE04EC0-301F-11D3-BF4B-00C04F79EFBC}") = "Merchandising.Portal", "Merchandising.Portal\Merchandising.Portal.csproj", "{6099B16A-7E66-49F6-8692-36EC0CF7AE15}"
EndProject
Global
	GlobalSection(SolutionConfigurationPlatforms) = preSolution
		Debug|Any CPU = Debug|Any CPU
		Release|Any CPU = Release|Any CPU
	EndGlobalSection
	GlobalSection(ProjectConfigurationPlatforms) = postSolution
		{6099B16A-7E66-49F6-8692-36EC0CF7AE15}.Debug|Any CPU.ActiveCfg = Debug|Any CPU
		{6099B16A-7E66-49F6-8692-36EC0CF7AE15}.Debug|Any CPU.Build.0 = Debug|Any CPU
		{6099B16A-7E66-49F6-8692-36EC0CF7AE15}.Release|Any CPU.ActiveCfg = Release|Any CPU
		{6099B16A-7E66-49F6-8692-36EC0CF7AE15}.Release|Any CPU.Build.0 = Release|Any CPU
	EndGlobalSection
	GlobalSection(SolutionProperties) = preSolution
		HideSolutionNode = FALSE
	EndGlobalSection
	GlobalSection(ExtensibilityGlobals) = postSolution
		SolutionGuid = {36B53BD4-F44A-430F-ADB7-4434EA4CB928}
	EndGlobalSection
EndGlobal
